<?xml version="1.0" encoding="utf-8"?>
<Project ToolsVersion="4.0" xmlns="http://schemas.microsoft.com/developer/msbuild/2003">
  <ItemGroup>
    <Filter Include="Calculator">
      <UniqueIdentifier>{CF0EE9F0-BBC6-2A3E-24CE-039A10A5C52E}</UniqueIdentifier>
    </Filter>
    <Filter Include="NumberRepresentations">
      <UniqueIdentifier>{B4B86717-2025-2312-E918-BB6F5544457A}</UniqueIdentifier>
    </Filter>
    <Filter Include="Queue">
      <UniqueIdentifier>{6AA6FA0D-D6BA-22BF-9F3C-C61E0B101FF0}</UniqueIdentifier>
    </Filter>
    <Filter Include="Utilities">
      <UniqueIdentifier>{010A8043-6D74-34BA-B6B2-E55F225C120F}</UniqueIdentifier>
    </Filter>
  </ItemGroup>
  <ItemGroup>
    <ClInclude Include="src\Calculator\CalcBrain.h">
      <Filter>Calculator</Filter>
    </ClInclude>
    <ClInclude Include="src\Calculator\Calculator.h">
      <Filter>Calculator</Filter>
    </ClInclude>
    <ClInclude Include="src\Calculator\Display.h">
      <Filter>Calculator</Filter>
    </ClInclude>
    <ClInclude Include="src\Calculator\RegexCheck.h">
      <Filter>Calculator</Filter>
    </ClInclude>
    <ClInclude Include="src\NumberRepresentations\Fraction.h">
      <Filter>NumberRepresentations</Filter>
    </ClInclude>
    <ClInclude Include="src\NumberRepresentations\Operations.h">
      <Filter>NumberRepresentations</Filter>
    </ClInclude>
    <ClInclude Include="src\NumberRepresentations\RomanNumeral.h">
      <Filter>NumberRepresentations</Filter>
    </ClInclude>
    <ClInclude Include="src\Pch.h" />
    <ClInclude Include="src\Queue\LifoQueue.h">
      <Filter>Queue</Filter>
    </ClInclude>
    <ClInclude Include="src\Utilities\FileUtil.h">
      <Filter>Utilities</Filter>
    </ClInclude>
    <ClInclude Include="src\Utilities\JsonUtil.h">
      <Filter>Utilities</Filter>
    </ClInclude>
  </ItemGroup>
  <ItemGroup>
    <ClCompile Include="src\Calculator\CalcBrain.cpp">
      <Filter>Calculator</Filter>
    </ClCompile>
    <ClCompile Include="src\Calculator\Calculator.cpp">
      <Filter>Calculator</Filter>
    </ClCompile>
    <ClCompile Include="src\Calculator\Display.cpp">
      <Filter>Calculator</Filter>
    </ClCompile>
    <ClCompile Include="src\Calculator\RegexCheck.cpp">
      <Filter>Calculator</Filter>
    </ClCompile>
    <ClCompile Include="src\Main.cpp" />
    <ClCompile Include="src\NumberRepresentations\Fraction.cpp">
      <Filter>NumberRepresentations</Filter>
    </ClCompile>
    <ClCompile Include="src\NumberRepresentations\Operations.cpp">
      <Filter>NumberRepresentations</Filter>
    </ClCompile>
    <ClCompile Include="src\NumberRepresentations\RomanNumeral.cpp">
      <Filter>NumberRepresentations</Filter>
    </ClCompile>
    <ClCompile Include="src\Utilities\FileUtil.cpp">
      <Filter>Utilities</Filter>
    </ClCompile>
    <ClCompile Include="src\Utilities\JsonUtil.cpp">
      <Filter>Utilities</Filter>
    </ClCompile>
  </ItemGroup>
</Project>